github.com/apple/foundationdb/bindings/go v0.0.0-20190311170436-f2d582ffa197 h1:D5WuFMxmZDGqP6ApjeYfItaTxqL45grLL40NFabkh2w=
github.com/apple/foundationdb/bindings/go v0.0.0-20190311170436-f2d582ffa197/go.mod h1:OMVSB21p9+xQUIqlGizHPZfjK+SHws1ht+ZytVDoz9U=
github.com/nostressdev/fdb v0.0.0-20220515100119-adf8f089824c h1:6de7FlXvMpsEsu3JUTuJzNmLJ3MJY696GvVjQsU8s9Q=
github.com/nostressdev/fdb v0.0.0-20220515100119-adf8f089824c/go.mod h1:EeAkqOY4MYUnBka6pYOtmdzkiOdEfconut1LR00ZkZY=
